
Microsoft Visual Studio Solution File, Format Version 12.00
# Visual Studio Version 16
VisualStudioVersion = 16.0.29613.14
MinimumVisualStudioVersion = 10.0.40219.1
Project("{FAE04EC0-301F-11D3-BF4B-00C04F79EFBC}") = "patterndemo", "patterndemo.csproj", "{F62C3861-2F45-44D4-B3F1-FBE9330512ED}"
EndProject
Global
	GlobalSection(SolutionConfigurationPlatforms) = preSolution
		Debug|Any CPU = Debug|Any CPU
		Release|Any CPU = Release|Any CPU
	EndGlobalSection
	GlobalSection(ProjectConfigurationPlatforms) = postSolution
		{F62C3861-2F45-44D4-B3F1-FBE9330512ED}.Debug|Any CPU.ActiveCfg = Debug|Any CPU
		{F62C3861-2F45-44D4-B3F1-FBE9330512ED}.Debug|Any CPU.Build.0 = Debug|Any CPU
		{F62C3861-2F45-44D4-B3F1-FBE9330512ED}.Release|Any CPU.ActiveCfg = Release|Any CPU
		{F62C3861-2F45-44D4-B3F1-FBE9330512ED}.Release|Any CPU.Build.0 = Release|Any CPU
	EndGlobalSection
	GlobalSection(SolutionProperties) = preSolution
		HideSolutionNode = FALSE
	EndGlobalSection
	GlobalSection(ExtensibilityGlobals) = postSolution
		SolutionGuid = {3002F743-B889-440D-BD74-0A70962A9E81}
	EndGlobalSection
EndGlobal
