
Microsoft Visual Studio Solution File, Format Version 12.00
# Visual Studio Version 16
VisualStudioVersion = 16.0.29613.14
MinimumVisualStudioVersion = 10.0.40219.1
Project("{FAE04EC0-301F-11D3-BF4B-00C04F79EFBC}") = "example", "example.csproj", "{CD1DB5BB-742E-409A-A342-A44D0D59034F}"
EndProject
Global
	GlobalSection(SolutionConfigurationPlatforms) = preSolution
		Debug|Any CPU = Debug|Any CPU
		Release|Any CPU = Release|Any CPU
	EndGlobalSection
	GlobalSection(ProjectConfigurationPlatforms) = postSolution
		{CD1DB5BB-742E-409A-A342-A44D0D59034F}.Debug|Any CPU.ActiveCfg = Debug|Any CPU
		{CD1DB5BB-742E-409A-A342-A44D0D59034F}.Debug|Any CPU.Build.0 = Debug|Any CPU
		{CD1DB5BB-742E-409A-A342-A44D0D59034F}.Release|Any CPU.ActiveCfg = Release|Any CPU
		{CD1DB5BB-742E-409A-A342-A44D0D59034F}.Release|Any CPU.Build.0 = Release|Any CPU
	EndGlobalSection
	GlobalSection(SolutionProperties) = preSolution
		HideSolutionNode = FALSE
	EndGlobalSection
	GlobalSection(ExtensibilityGlobals) = postSolution
		SolutionGuid = {DB586A08-DBF9-4FC5-A860-DA834944EC6B}
	EndGlobalSection
EndGlobal
