
Microsoft Visual Studio Solution File, Format Version 12.00
# Visual Studio Version 16
VisualStudioVersion = 16.0.29613.14
MinimumVisualStudioVersion = 10.0.40219.1
Project("{FAE04EC0-301F-11D3-BF4B-00C04F79EFBC}") = "jquesry", "jquesry.csproj", "{C496DA4E-7986-4D4B-AFEB-EF7FB41ECB36}"
EndProject
Global
	GlobalSection(SolutionConfigurationPlatforms) = preSolution
		Debug|Any CPU = Debug|Any CPU
		Release|Any CPU = Release|Any CPU
	EndGlobalSection
	GlobalSection(ProjectConfigurationPlatforms) = postSolution
		{C496DA4E-7986-4D4B-AFEB-EF7FB41ECB36}.Debug|Any CPU.ActiveCfg = Debug|Any CPU
		{C496DA4E-7986-4D4B-AFEB-EF7FB41ECB36}.Debug|Any CPU.Build.0 = Debug|Any CPU
		{C496DA4E-7986-4D4B-AFEB-EF7FB41ECB36}.Release|Any CPU.ActiveCfg = Release|Any CPU
		{C496DA4E-7986-4D4B-AFEB-EF7FB41ECB36}.Release|Any CPU.Build.0 = Release|Any CPU
	EndGlobalSection
	GlobalSection(SolutionProperties) = preSolution
		HideSolutionNode = FALSE
	EndGlobalSection
	GlobalSection(ExtensibilityGlobals) = postSolution
		SolutionGuid = {BB9EBE44-4FBF-4596-91B2-8AE9093977F5}
	EndGlobalSection
EndGlobal
