
Microsoft Visual Studio Solution File, Format Version 12.00
# Visual Studio Version 16
VisualStudioVersion = 16.0.29613.14
MinimumVisualStudioVersion = 10.0.40219.1
Project("{FAE04EC0-301F-11D3-BF4B-00C04F79EFBC}") = "DemoCokkie", "DemoCokkie.csproj", "{83AAE002-D196-4E15-979D-A232D7B71CC2}"
EndProject
Global
	GlobalSection(SolutionConfigurationPlatforms) = preSolution
		Debug|Any CPU = Debug|Any CPU
		Release|Any CPU = Release|Any CPU
	EndGlobalSection
	GlobalSection(ProjectConfigurationPlatforms) = postSolution
		{83AAE002-D196-4E15-979D-A232D7B71CC2}.Debug|Any CPU.ActiveCfg = Debug|Any CPU
		{83AAE002-D196-4E15-979D-A232D7B71CC2}.Debug|Any CPU.Build.0 = Debug|Any CPU
		{83AAE002-D196-4E15-979D-A232D7B71CC2}.Release|Any CPU.ActiveCfg = Release|Any CPU
		{83AAE002-D196-4E15-979D-A232D7B71CC2}.Release|Any CPU.Build.0 = Release|Any CPU
	EndGlobalSection
	GlobalSection(SolutionProperties) = preSolution
		HideSolutionNode = FALSE
	EndGlobalSection
	GlobalSection(ExtensibilityGlobals) = postSolution
		SolutionGuid = {8613BDA3-889F-400C-AA99-5DED5038DA0A}
	EndGlobalSection
EndGlobal
