
Microsoft Visual Studio Solution File, Format Version 12.00
# Visual Studio Version 16
VisualStudioVersion = 16.0.29613.14
MinimumVisualStudioVersion = 10.0.40219.1
Project("{FAE04EC0-301F-11D3-BF4B-00C04F79EFBC}") = "formm", "formm.csproj", "{8F0577EF-480B-4B85-A603-94A48C18825B}"
EndProject
Global
	GlobalSection(SolutionConfigurationPlatforms) = preSolution
		Debug|Any CPU = Debug|Any CPU
		Release|Any CPU = Release|Any CPU
	EndGlobalSection
	GlobalSection(ProjectConfigurationPlatforms) = postSolution
		{8F0577EF-480B-4B85-A603-94A48C18825B}.Debug|Any CPU.ActiveCfg = Debug|Any CPU
		{8F0577EF-480B-4B85-A603-94A48C18825B}.Debug|Any CPU.Build.0 = Debug|Any CPU
		{8F0577EF-480B-4B85-A603-94A48C18825B}.Release|Any CPU.ActiveCfg = Release|Any CPU
		{8F0577EF-480B-4B85-A603-94A48C18825B}.Release|Any CPU.Build.0 = Release|Any CPU
	EndGlobalSection
	GlobalSection(SolutionProperties) = preSolution
		HideSolutionNode = FALSE
	EndGlobalSection
	GlobalSection(ExtensibilityGlobals) = postSolution
		SolutionGuid = {99D300E3-D40C-469C-8C2E-474E901EBCF1}
	EndGlobalSection
EndGlobal
