
Microsoft Visual Studio Solution File, Format Version 12.00
# Visual Studio Version 16
VisualStudioVersion = 16.0.29613.14
MinimumVisualStudioVersion = 10.0.40219.1
Project("{FAE04EC0-301F-11D3-BF4B-00C04F79EFBC}") = "HandsonOperators", "HandsonOperators.csproj", "{D778B44D-00DA-4B5F-A9A6-E0280DF1AB50}"
EndProject
Global
	GlobalSection(SolutionConfigurationPlatforms) = preSolution
		Debug|Any CPU = Debug|Any CPU
		Release|Any CPU = Release|Any CPU
	EndGlobalSection
	GlobalSection(ProjectConfigurationPlatforms) = postSolution
		{D778B44D-00DA-4B5F-A9A6-E0280DF1AB50}.Debug|Any CPU.ActiveCfg = Debug|Any CPU
		{D778B44D-00DA-4B5F-A9A6-E0280DF1AB50}.Debug|Any CPU.Build.0 = Debug|Any CPU
		{D778B44D-00DA-4B5F-A9A6-E0280DF1AB50}.Release|Any CPU.ActiveCfg = Release|Any CPU
		{D778B44D-00DA-4B5F-A9A6-E0280DF1AB50}.Release|Any CPU.Build.0 = Release|Any CPU
	EndGlobalSection
	GlobalSection(SolutionProperties) = preSolution
		HideSolutionNode = FALSE
	EndGlobalSection
	GlobalSection(ExtensibilityGlobals) = postSolution
		SolutionGuid = {2D35EEB0-B894-40E8-B804-E3DEF73CA323}
	EndGlobalSection
EndGlobal
