
Microsoft Visual Studio Solution File, Format Version 12.00
# Visual Studio Version 16
VisualStudioVersion = 16.0.29613.14
MinimumVisualStudioVersion = 10.0.40219.1
Project("{FAE04EC0-301F-11D3-BF4B-00C04F79EFBC}") = "form", "form.csproj", "{ECB9F38F-484B-4FF3-9299-32DD17D94CCD}"
EndProject
Global
	GlobalSection(SolutionConfigurationPlatforms) = preSolution
		Debug|Any CPU = Debug|Any CPU
		Release|Any CPU = Release|Any CPU
	EndGlobalSection
	GlobalSection(ProjectConfigurationPlatforms) = postSolution
		{ECB9F38F-484B-4FF3-9299-32DD17D94CCD}.Debug|Any CPU.ActiveCfg = Debug|Any CPU
		{ECB9F38F-484B-4FF3-9299-32DD17D94CCD}.Debug|Any CPU.Build.0 = Debug|Any CPU
		{ECB9F38F-484B-4FF3-9299-32DD17D94CCD}.Release|Any CPU.ActiveCfg = Release|Any CPU
		{ECB9F38F-484B-4FF3-9299-32DD17D94CCD}.Release|Any CPU.Build.0 = Release|Any CPU
	EndGlobalSection
	GlobalSection(SolutionProperties) = preSolution
		HideSolutionNode = FALSE
	EndGlobalSection
	GlobalSection(ExtensibilityGlobals) = postSolution
		SolutionGuid = {FA3F174C-0C30-4682-844B-9BBC64CFFCFC}
	EndGlobalSection
EndGlobal
