
Microsoft Visual Studio Solution File, Format Version 12.00
# Visual Studio Version 16
VisualStudioVersion = 16.0.29613.14
MinimumVisualStudioVersion = 10.0.40219.1
Project("{FAE04EC0-301F-11D3-BF4B-00C04F79EFBC}") = "example2", "example2.csproj", "{063C1C2F-4027-40A0-A362-6B0863B9D671}"
EndProject
Global
	GlobalSection(SolutionConfigurationPlatforms) = preSolution
		Debug|Any CPU = Debug|Any CPU
		Release|Any CPU = Release|Any CPU
	EndGlobalSection
	GlobalSection(ProjectConfigurationPlatforms) = postSolution
		{063C1C2F-4027-40A0-A362-6B0863B9D671}.Debug|Any CPU.ActiveCfg = Debug|Any CPU
		{063C1C2F-4027-40A0-A362-6B0863B9D671}.Debug|Any CPU.Build.0 = Debug|Any CPU
		{063C1C2F-4027-40A0-A362-6B0863B9D671}.Release|Any CPU.ActiveCfg = Release|Any CPU
		{063C1C2F-4027-40A0-A362-6B0863B9D671}.Release|Any CPU.Build.0 = Release|Any CPU
	EndGlobalSection
	GlobalSection(SolutionProperties) = preSolution
		HideSolutionNode = FALSE
	EndGlobalSection
	GlobalSection(ExtensibilityGlobals) = postSolution
		SolutionGuid = {3A43DCF6-0E22-4E74-BF66-35E04DFC1F4B}
	EndGlobalSection
EndGlobal
