
Microsoft Visual Studio Solution File, Format Version 12.00
# Visual Studio Version 16
VisualStudioVersion = 16.0.29613.14
MinimumVisualStudioVersion = 10.0.40219.1
Project("{FAE04EC0-301F-11D3-BF4B-00C04F79EFBC}") = "thdemo", "thdemo.csproj", "{B3BC6E90-37C6-40CC-850C-09A70B8A2351}"
EndProject
Global
	GlobalSection(SolutionConfigurationPlatforms) = preSolution
		Debug|Any CPU = Debug|Any CPU
		Release|Any CPU = Release|Any CPU
	EndGlobalSection
	GlobalSection(ProjectConfigurationPlatforms) = postSolution
		{B3BC6E90-37C6-40CC-850C-09A70B8A2351}.Debug|Any CPU.ActiveCfg = Debug|Any CPU
		{B3BC6E90-37C6-40CC-850C-09A70B8A2351}.Debug|Any CPU.Build.0 = Debug|Any CPU
		{B3BC6E90-37C6-40CC-850C-09A70B8A2351}.Release|Any CPU.ActiveCfg = Release|Any CPU
		{B3BC6E90-37C6-40CC-850C-09A70B8A2351}.Release|Any CPU.Build.0 = Release|Any CPU
	EndGlobalSection
	GlobalSection(SolutionProperties) = preSolution
		HideSolutionNode = FALSE
	EndGlobalSection
	GlobalSection(ExtensibilityGlobals) = postSolution
		SolutionGuid = {CD100EB2-E361-4454-8DFB-8C421CEE4D90}
	EndGlobalSection
EndGlobal
