
Microsoft Visual Studio Solution File, Format Version 12.00
# Visual Studio Version 16
VisualStudioVersion = 16.0.29613.14
MinimumVisualStudioVersion = 10.0.40219.1
Project("{FAE04EC0-301F-11D3-BF4B-00C04F79EFBC}") = "toggle", "toggle.csproj", "{7DA79173-7CED-4107-9566-72CE4F8856FC}"
EndProject
Global
	GlobalSection(SolutionConfigurationPlatforms) = preSolution
		Debug|Any CPU = Debug|Any CPU
		Release|Any CPU = Release|Any CPU
	EndGlobalSection
	GlobalSection(ProjectConfigurationPlatforms) = postSolution
		{7DA79173-7CED-4107-9566-72CE4F8856FC}.Debug|Any CPU.ActiveCfg = Debug|Any CPU
		{7DA79173-7CED-4107-9566-72CE4F8856FC}.Debug|Any CPU.Build.0 = Debug|Any CPU
		{7DA79173-7CED-4107-9566-72CE4F8856FC}.Release|Any CPU.ActiveCfg = Release|Any CPU
		{7DA79173-7CED-4107-9566-72CE4F8856FC}.Release|Any CPU.Build.0 = Release|Any CPU
	EndGlobalSection
	GlobalSection(SolutionProperties) = preSolution
		HideSolutionNode = FALSE
	EndGlobalSection
	GlobalSection(ExtensibilityGlobals) = postSolution
		SolutionGuid = {6B6663E6-39B5-4BD7-B12C-60C4F3259DA2}
	EndGlobalSection
EndGlobal
