
Microsoft Visual Studio Solution File, Format Version 12.00
# Visual Studio Version 16
VisualStudioVersion = 16.0.29613.14
MinimumVisualStudioVersion = 10.0.40219.1
Project("{FAE04EC0-301F-11D3-BF4B-00C04F79EFBC}") = "Seller", "Seller.csproj", "{12FF7C29-412B-44FA-B7EB-A7AC140A542F}"
EndProject
Global
	GlobalSection(SolutionConfigurationPlatforms) = preSolution
		Debug|Any CPU = Debug|Any CPU
		Release|Any CPU = Release|Any CPU
	EndGlobalSection
	GlobalSection(ProjectConfigurationPlatforms) = postSolution
		{12FF7C29-412B-44FA-B7EB-A7AC140A542F}.Debug|Any CPU.ActiveCfg = Debug|Any CPU
		{12FF7C29-412B-44FA-B7EB-A7AC140A542F}.Debug|Any CPU.Build.0 = Debug|Any CPU
		{12FF7C29-412B-44FA-B7EB-A7AC140A542F}.Release|Any CPU.ActiveCfg = Release|Any CPU
		{12FF7C29-412B-44FA-B7EB-A7AC140A542F}.Release|Any CPU.Build.0 = Release|Any CPU
	EndGlobalSection
	GlobalSection(SolutionProperties) = preSolution
		HideSolutionNode = FALSE
	EndGlobalSection
	GlobalSection(ExtensibilityGlobals) = postSolution
		SolutionGuid = {772478D8-E56E-4E70-BD9A-F67EA69E045D}
	EndGlobalSection
EndGlobal
