
Microsoft Visual Studio Solution File, Format Version 12.00
# Visual Studio Version 16
VisualStudioVersion = 16.0.29613.14
MinimumVisualStudioVersion = 10.0.40219.1
Project("{FAE04EC0-301F-11D3-BF4B-00C04F79EFBC}") = "egm", "egm.csproj", "{D426316B-32CB-4C74-B61D-4E0CF9B4F53D}"
EndProject
Global
	GlobalSection(SolutionConfigurationPlatforms) = preSolution
		Debug|Any CPU = Debug|Any CPU
		Release|Any CPU = Release|Any CPU
	EndGlobalSection
	GlobalSection(ProjectConfigurationPlatforms) = postSolution
		{D426316B-32CB-4C74-B61D-4E0CF9B4F53D}.Debug|Any CPU.ActiveCfg = Debug|Any CPU
		{D426316B-32CB-4C74-B61D-4E0CF9B4F53D}.Debug|Any CPU.Build.0 = Debug|Any CPU
		{D426316B-32CB-4C74-B61D-4E0CF9B4F53D}.Release|Any CPU.ActiveCfg = Release|Any CPU
		{D426316B-32CB-4C74-B61D-4E0CF9B4F53D}.Release|Any CPU.Build.0 = Release|Any CPU
	EndGlobalSection
	GlobalSection(SolutionProperties) = preSolution
		HideSolutionNode = FALSE
	EndGlobalSection
	GlobalSection(ExtensibilityGlobals) = postSolution
		SolutionGuid = {F6234B5A-CD68-491D-85BE-11A9D8BBE9C2}
	EndGlobalSection
EndGlobal
