
Microsoft Visual Studio Solution File, Format Version 12.00
# Visual Studio Version 16
VisualStudioVersion = 16.0.29613.14
MinimumVisualStudioVersion = 10.0.40219.1
Project("{FAE04EC0-301F-11D3-BF4B-00C04F79EFBC}") = "customerrr", "customerrr.csproj", "{5035268B-7524-4CD3-884D-3854FCEA0A1A}"
EndProject
Global
	GlobalSection(SolutionConfigurationPlatforms) = preSolution
		Debug|Any CPU = Debug|Any CPU
		Release|Any CPU = Release|Any CPU
	EndGlobalSection
	GlobalSection(ProjectConfigurationPlatforms) = postSolution
		{5035268B-7524-4CD3-884D-3854FCEA0A1A}.Debug|Any CPU.ActiveCfg = Debug|Any CPU
		{5035268B-7524-4CD3-884D-3854FCEA0A1A}.Debug|Any CPU.Build.0 = Debug|Any CPU
		{5035268B-7524-4CD3-884D-3854FCEA0A1A}.Release|Any CPU.ActiveCfg = Release|Any CPU
		{5035268B-7524-4CD3-884D-3854FCEA0A1A}.Release|Any CPU.Build.0 = Release|Any CPU
	EndGlobalSection
	GlobalSection(SolutionProperties) = preSolution
		HideSolutionNode = FALSE
	EndGlobalSection
	GlobalSection(ExtensibilityGlobals) = postSolution
		SolutionGuid = {D2B4A4FF-9E7D-402C-802F-B74261EF9961}
	EndGlobalSection
EndGlobal
